// !$*UTF8*$!
{
	archiveVersion = 1;
	classes = {
	};
	objectVersion = 50;
	objects = {

/* Begin PBXBuildFile section */
		DCBC3DE52434B9D900134E5F /* AppDelegate.swift in Sources */ = {isa = PBXBuildFile; fileRef = DCBC3DE42434B9D900134E5F /* AppDelegate.swift */; };
		DCBC3DE72434B9D900134E5F /* SceneDelegate.swift in Sources */ = {isa = PBXBuildFile; fileRef = DCBC3DE62434B9D900134E5F /* SceneDelegate.swift */; };
		DCBC3DE92434B9D900134E5F /* ContentView.swift in Sources */ = {isa = PBXBuildFile; fileRef = DCBC3DE82434B9D900134E5F /* ContentView.swift */; };
		DCBC3DEB2434B9DA00134E5F /* Assets.xcassets in Resources */ = {isa = PBXBuildFile; fileRef = DCBC3DEA2434B9DA00134E5F /* Assets.xcassets */; };
		DCBC3DEE2434B9DA00134E5F /* Preview Assets.xcassets in Resources */ = {isa = PBXBuildFile; fileRef = DCBC3DED2434B9DA00134E5F /* Preview Assets.xcassets */; };
		DCBC3DF12434B9DA00134E5F /* LaunchScreen.storyboard in Resources */ = {isa = PBXBuildFile; fileRef = DCBC3DEF2434B9DA00134E5F /* LaunchScreen.storyboard */; };
		DCC7CB752436002B000902B2 /* CarouselView.swift in Sources */ = {isa = PBXBuildFile; fileRef = DCC7CB742436002B000902B2 /* CarouselView.swift */; };
/* End PBXBuildFile section */

/* Begin PBXFileReference section */
		DCBC3DE12434B9D900134E5F /* CyclicCarousel.app */ = {isa = PBXFileReference; explicitFileType = wrapper.application; includeInIndex = 0; path = CyclicCarousel.app; sourceTree = BUILT_PRODUCTS_DIR; };
		DCBC3DE42434B9D900134E5F /* AppDelegate.swift */ = {isa = PBXFileReference; lastKnownFileType = sourcecode.swift; path = AppDelegate.swift; sourceTree = "<group>"; };
		DCBC3DE62434B9D900134E5F /* SceneDelegate.swift */ = {isa = PBXFileReference; lastKnownFileType = sourcecode.swift; path = SceneDelegate.swift; sourceTree = "<group>"; };
		DCBC3DE82434B9D900134E5F /* ContentView.swift */ = {isa = PBXFileReference; lastKnownFileType = sourcecode.swift; path = ContentView.swift; sourceTree = "<group>"; };
		DCBC3DEA2434B9DA00134E5F /* Assets.xcassets */ = {isa = PBXFileReference; lastKnownFileType = folder.assetcatalog; path = Assets.xcassets; sourceTree = "<group>"; };
		DCBC3DED2434B9DA00134E5F /* Preview Assets.xcassets */ = {isa = PBXFileReference; lastKnownFileType = folder.assetcatalog; path = "Preview Assets.xcassets"; sourceTree = "<group>"; };
		DCBC3DF02434B9DA00134E5F /* Base */ = {isa = PBXFileReference; lastKnownFileType = file.storyboard; name = Base; path = Base.lproj/LaunchScreen.storyboard; sourceTree = "<group>"; };
		DCBC3DF22434B9DA00134E5F /* Info.plist */ = {isa = PBXFileReference; lastKnownFileType = text.plist.xml; path = Info.plist; sourceTree = "<group>"; };
		DCC7CB742436002B000902B2 /* CarouselView.swift */ = {isa = PBXFileReference; lastKnownFileType = sourcecode.swift; path = CarouselView.swift; sourceTree = "<group>"; };
/* End PBXFileReference section */

/* Begin PBXFrameworksBuildPhase section */
		DCBC3DDE2434B9D900134E5F /* Frameworks */ = {
			isa = PBXFrameworksBuildPhase;
			buildActionMask = 2147483647;
			files = (
			);
			runOnlyForDeploymentPostprocessing = 0;
		};
/* End PBXFrameworksBuildPhase section */

/* Begin PBXGroup section */
		DCBC3DD82434B9D900134E5F = {
			isa = PBXGroup;
			children = (
				DCBC3DE32434B9D900134E5F /* CyclicCarousel */,
				DCBC3DE22434B9D900134E5F /* Products */,
			);
			sourceTree = "<group>";
		};
		DCBC3DE22434B9D900134E5F /* Products */ = {
			isa = PBXGroup;
			children = (
				DCBC3DE12434B9D900134E5F /* CyclicCarousel.app */,
			);
			name = Products;
			sourceTree = "<group>";
		};
		DCBC3DE32434B9D900134E5F /* CyclicCarousel */ = {
			isa = PBXGroup;
			children = (
				DCBC3DE42434B9D900134E5F /* AppDelegate.swift */,
				DCBC3DE62434B9D900134E5F /* SceneDelegate.swift */,
				DCC7CB7624360035000902B2 /* Views */,
				DCBC3DEA2434B9DA00134E5F /* Assets.xcassets */,
				DCBC3DEF2434B9DA00134E5F /* LaunchScreen.storyboard */,
				DCBC3DF22434B9DA00134E5F /* Info.plist */,
				DCBC3DEC2434B9DA00134E5F /* Preview Content */,
			);
			path = CyclicCarousel;
			sourceTree = "<group>";
		};
		DCBC3DEC2434B9DA00134E5F /* Preview Content */ = {
			isa = PBXGroup;
			children = (
				DCBC3DED2434B9DA00134E5F /* Preview Assets.xcassets */,
			);
			path = "Preview Content";
			sourceTree = "<group>";
		};
		DCC7CB7624360035000902B2 /* Views */ = {
			isa = PBXGroup;
			children = (
				DCBC3DE82434B9D900134E5F /* ContentView.swift */,
				DCC7CB742436002B000902B2 /* CarouselView.swift */,
			);
			path = Views;
			sourceTree = "<group>";
		};
/* End PBXGroup section */

/* Begin PBXNativeTarget section */
		DCBC3DE02434B9D900134E5F /* CyclicCarousel */ = {
			isa = PBXNativeTarget;
			buildConfigurationList = DCBC3DF52434B9DA00134E5F /* Build configuration list for PBXNativeTarget "CyclicCarousel" */;
			buildPhases = (
				DCBC3DDD2434B9D900134E5F /* Sources */,
				DCBC3DDE2434B9D900134E5F /* Frameworks */,
				DCBC3DDF2434B9D900134E5F /* Resources */,
			);
			buildRules = (
			);
			dependencies = (
			);
			name = CyclicCarousel;
			productName = CyclicCarousel;
			productReference = DCBC3DE12434B9D900134E5F /* CyclicCarousel.app */;
			productType = "com.apple.product-type.application";
		};
/* End PBXNativeTarget section */

/* Begin PBXProject section */
		DCBC3DD92434B9D900134E5F /* Project object */ = {
			isa = PBXProject;
			attributes = {
				LastSwiftUpdateCheck = 1140;
				LastUpgradeCheck = 1140;
				ORGANIZATIONNAME = "Rod Landaeta";
				TargetAttributes = {
					DCBC3DE02434B9D900134E5F = {
						CreatedOnToolsVersion = 11.4;
					};
				};
			};
			buildConfigurationList = DCBC3DDC2434B9D900134E5F /* Build configuration list for PBXProject "CyclicCarousel" */;
			compatibilityVersion = "Xcode 9.3";
			developmentRegion = en;
			hasScannedForEncodings = 0;
			knownRegions = (
				en,
				Base,
			);
			mainGroup = DCBC3DD82434B9D900134E5F;
			productRefGroup = DCBC3DE22434B9D900134E5F /* Products */;
			projectDirPath = "";
			projectRoot = "";
			targets = (
				DCBC3DE02434B9D900134E5F /* CyclicCarousel */,
			);
		};
/* End PBXProject section */

/* Begin PBXResourcesBuildPhase section */
		DCBC3DDF2434B9D900134E5F /* Resources */ = {
			isa = PBXResourcesBuildPhase;
			buildActionMask = 2147483647;
			files = (
				DCBC3DF12434B9DA00134E5F /* LaunchScreen.storyboard in Resources */,
				DCBC3DEE2434B9DA00134E5F /* Preview Assets.xcassets in Resources */,
				DCBC3DEB2434B9DA00134E5F /* Assets.xcassets in Resources */,
			);
			runOnlyForDeploymentPostprocessing = 0;
		};
/* End PBXResourcesBuildPhase section */

/* Begin PBXSourcesBuildPhase section */
		DCBC3DDD2434B9D900134E5F /* Sources */ = {
			isa = PBXSourcesBuildPhase;
			buildActionMask = 2147483647;
			files = (
				DCBC3DE52434B9D900134E5F /* AppDelegate.swift in Sources */,
				DCBC3DE72434B9D900134E5F /* SceneDelegate.swift in Sources */,
				DCC7CB752436002B000902B2 /* CarouselView.swift in Sources */,
				DCBC3DE92434B9D900134E5F /* ContentView.swift in Sources */,
			);
			runOnlyForDeploymentPostprocessing = 0;
		};
/* End PBXSourcesBuildPhase section */

/* Begin PBXVariantGroup section */
		DCBC3DEF2434B9DA00134E5F /* LaunchScreen.storyboard */ = {
			isa = PBXVariantGroup;
			children = (
				DCBC3DF02434B9DA00134E5F /* Base */,
			);
			name = LaunchScreen.storyboard;
			sourceTree = "<group>";
		};
/* End PBXVariantGroup section */

/* Begin XCBuildConfiguration section */
		DCBC3DF32434B9DA00134E5F /* Debug */ = {
			isa = XCBuildConfiguration;
			buildSettings = {
				ALWAYS_SEARCH_USER_PATHS = NO;
				CLANG_ANALYZER_NONNULL = YES;
				CLANG_ANALYZER_NUMBER_OBJECT_CONVERSION = YES_AGGRESSIVE;
				CLANG_CXX_LANGUAGE_STANDARD = "gnu++14";
				CLANG_CXX_LIBRARY = "libc++";
				CLANG_ENABLE_MODULES = YES;
				CLANG_ENABLE_OBJC_ARC = YES;
				CLANG_ENABLE_OBJC_WEAK = YES;
				CLANG_WARN_BLOCK_CAPTURE_AUTORELEASING = YES;
				CLANG_WARN_BOOL_CONVERSION = YES;
				CLANG_WARN_COMMA = YES;
				CLANG_WARN_CONSTANT_CONVERSION = YES;
				CLANG_WARN_DEPRECATED_OBJC_IMPLEMENTATIONS = YES;
				CLANG_WARN_DIRECT_OBJC_ISA_USAGE = YES_ERROR;
				CLANG_WARN_DOCUMENTATION_COMMENTS = YES;
				CLANG_WARN_EMPTY_BODY = YES;
				CLANG_WARN_ENUM_CONVERSION = YES;
				CLANG_WARN_INFINITE_RECURSION = YES;
				CLANG_WARN_INT_CONVERSION = YES;
				CLANG_WARN_NON_LITERAL_NULL_CONVERSION = YES;
				CLANG_WARN_OBJC_IMPLICIT_RETAIN_SELF = YES;
				CLANG_WARN_OBJC_LITERAL_CONVERSION = YES;
				CLANG_WARN_OBJC_ROOT_CLASS = YES_ERROR;
				CLANG_WARN_RANGE_LOOP_ANALYSIS = YES;
				CLANG_WARN_STRICT_PROTOTYPES = YES;
				CLANG_WARN_SUSPICIOUS_MOVE = YES;
				CLANG_WARN_UNGUARDED_AVAILABILITY = YES_AGGRESSIVE;
				CLANG_WARN_UNREACHABLE_CODE = YES;
				CLANG_WARN__DUPLICATE_METHOD_MATCH = YES;
				COPY_PHASE_STRIP = NO;
				DEBUG_INFORMATION_FORMAT = dwarf;
				ENABLE_STRICT_OBJC_MSGSEND = YES;
				ENABLE_TESTABILITY = YES;
				GCC_C_LANGUAGE_STANDARD = gnu11;
				GCC_DYNAMIC_NO_PIC = NO;
				GCC_NO_COMMON_BLOCKS = YES;
				GCC_OPTIMIZATION_LEVEL = 0;
				GCC_PREPROCESSOR_DEFINITIONS = (
					"DEBUG=1",
					"$(inherited)",
				);
				GCC_WARN_64_TO_32_BIT_CONVERSION = YES;
				GCC_WARN_ABOUT_RETURN_TYPE = YES_ERROR;
				GCC_WARN_UNDECLARED_SELECTOR = YES;
				GCC_WARN_UNINITIALIZED_AUTOS = YES_AGGRESSIVE;
				GCC_WARN_UNUSED_FUNCTION = YES;
				GCC_WARN_UNUSED_VARIABLE = YES;
				IPHONEOS_DEPLOYMENT_TARGET = 13.4;
				MTL_ENABLE_DEBUG_INFO = INCLUDE_SOURCE;
				MTL_FAST_MATH = YES;
				ONLY_ACTIVE_ARCH = YES;
				SDKROOT = iphoneos;
				SWIFT_ACTIVE_COMPILATION_CONDITIONS = DEBUG;
				SWIFT_OPTIMIZATION_LEVEL = "-Onone";
			};
			name = Debug;
		};
		DCBC3DF42434B9DA00134E5F /* Release */ = {
			isa = XCBuildConfiguration;
			buildSettings = {
				ALWAYS_SEARCH_USER_PATHS = NO;
				CLANG_ANALYZER_NONNULL = YES;
				CLANG_ANALYZER_NUMBER_OBJECT_CONVERSION = YES_AGGRESSIVE;
				CLANG_CXX_LANGUAGE_STANDARD = "gnu++14";
				CLANG_CXX_LIBRARY = "libc++";
				CLANG_ENABLE_MODULES = YES;
				CLANG_ENABLE_OBJC_ARC = YES;
				CLANG_ENABLE_OBJC_WEAK = YES;
				CLANG_WARN_BLOCK_CAPTURE_AUTORELEASING = YES;
				CLANG_WARN_BOOL_CONVERSION = YES;
				CLANG_WARN_COMMA = YES;
				CLANG_WARN_CONSTANT_CONVERSION = YES;
				CLANG_WARN_DEPRECATED_OBJC_IMPLEMENTATIONS = YES;
				CLANG_WARN_DIRECT_OBJC_ISA_USAGE = YES_ERROR;
				CLANG_WARN_DOCUMENTATION_COMMENTS = YES;
				CLANG_WARN_EMPTY_BODY = YES;
				CLANG_WARN_ENUM_CONVERSION = YES;
				CLANG_WARN_INFINITE_RECURSION = YES;
				CLANG_WARN_INT_CONVERSION = YES;
				CLANG_WARN_NON_LITERAL_NULL_CONVERSION = YES;
				CLANG_WARN_OBJC_IMPLICIT_RETAIN_SELF = YES;
				CLANG_WARN_OBJC_LITERAL_CONVERSION = YES;
				CLANG_WARN_OBJC_ROOT_CLASS = YES_ERROR;
				CLANG_WARN_RANGE_LOOP_ANALYSIS = YES;
				CLANG_WARN_STRICT_PROTOTYPES = YES;
				CLANG_WARN_SUSPICIOUS_MOVE = YES;
				CLANG_WARN_UNGUARDED_AVAILABILITY = YES_AGGRESSIVE;
				CLANG_WARN_UNREACHABLE_CODE = YES;
				CLANG_WARN__DUPLICATE_METHOD_MATCH = YES;
				COPY_PHASE_STRIP = NO;
				DEBUG_INFORMATION_FORMAT = "dwarf-with-dsym";
				ENABLE_NS_ASSERTIONS = NO;
				ENABLE_STRICT_OBJC_MSGSEND = YES;
				GCC_C_LANGUAGE_STANDARD = gnu11;
				GCC_NO_COMMON_BLOCKS = YES;
				GCC_WARN_64_TO_32_BIT_CONVERSION = YES;
				GCC_WARN_ABOUT_RETURN_TYPE = YES_ERROR;
				GCC_WARN_UNDECLARED_SELECTOR = YES;
				GCC_WARN_UNINITIALIZED_AUTOS = YES_AGGRESSIVE;
				GCC_WARN_UNUSED_FUNCTION = YES;
				GCC_WARN_UNUSED_VARIABLE = YES;
				IPHONEOS_DEPLOYMENT_TARGET = 13.4;
				MTL_ENABLE_DEBUG_INFO = NO;
				MTL_FAST_MATH = YES;
				SDKROOT = iphoneos;
				SWIFT_COMPILATION_MODE = wholemodule;
				SWIFT_OPTIMIZATION_LEVEL = "-O";
				VALIDATE_PRODUCT = YES;
			};
			name = Release;
		};
		DCBC3DF62434B9DA00134E5F /* Debug */ = {
			isa = XCBuildConfiguration;
			buildSettings = {
				ASSETCATALOG_COMPILER_APPICON_NAME = AppIcon;
				CODE_SIGN_STYLE = Automatic;
				DEVELOPMENT_ASSET_PATHS = "\"CyclicCarousel/Preview Content\"";
				DEVELOPMENT_TEAM = HC666XRGRA;
				ENABLE_PREVIEWS = YES;
				INFOPLIST_FILE = CyclicCarousel/Info.plist;
				LD_RUNPATH_SEARCH_PATHS = (
					"$(inherited)",
					"@executable_path/Frameworks",
				);
				PRODUCT_BUNDLE_IDENTIFIER = org.rod.samples.CyclicCarousel;
				PRODUCT_NAME = "$(TARGET_NAME)";
				SWIFT_VERSION = 5.0;
				TARGETED_DEVICE_FAMILY = "1,2";
			};
			name = Debug;
		};
		DCBC3DF72434B9DA00134E5F /* Release */ = {
			isa = XCBuildConfiguration;
			buildSettings = {
				ASSETCATALOG_COMPILER_APPICON_NAME = AppIcon;
				CODE_SIGN_STYLE = Automatic;
				DEVELOPMENT_ASSET_PATHS = "\"CyclicCarousel/Preview Content\"";
				DEVELOPMENT_TEAM = HC666XRGRA;
				ENABLE_PREVIEWS = YES;
				INFOPLIST_FILE = CyclicCarousel/Info.plist;
				LD_RUNPATH_SEARCH_PATHS = (
					"$(inherited)",
					"@executable_path/Frameworks",
				);
				PRODUCT_BUNDLE_IDENTIFIER = org.rod.samples.CyclicCarousel;
				PRODUCT_NAME = "$(TARGET_NAME)";
				SWIFT_VERSION = 5.0;
				TARGETED_DEVICE_FAMILY = "1,2";
			};
			name = Release;
		};
/* End XCBuildConfiguration section */

/* Begin XCConfigurationList section */
		DCBC3DDC2434B9D900134E5F /* Build configuration list for PBXProject "CyclicCarousel" */ = {
			isa = XCConfigurationList;
			buildConfigurations = (
				DCBC3DF32434B9DA00134E5F /* Debug */,
				DCBC3DF42434B9DA00134E5F /* Release */,
			);
			defaultConfigurationIsVisible = 0;
			defaultConfigurationName = Release;
		};
		DCBC3DF52434B9DA00134E5F /* Build configuration list for PBXNativeTarget "CyclicCarousel" */ = {
			isa = XCConfigurationList;
			buildConfigurations = (
				DCBC3DF62434B9DA00134E5F /* Debug */,
				DCBC3DF72434B9DA00134E5F /* Release */,
			);
			defaultConfigurationIsVisible = 0;
			defaultConfigurationName = Release;
		};
/* End XCConfigurationList section */
	};
	rootObject = DCBC3DD92434B9D900134E5F /* Project object */;
}
